
Microsoft Visual Studio Solution File, Format Version 12.00
# Visual Studio 15
VisualStudioVersion = 15.0.28307.1022
MinimumVisualStudioVersion = 10.0.40219.1
Project("{FAE04EC0-301F-11D3-BF4B-00C04F79EFBC}") = "CriticarAltura", "CriticarAltura\CriticarAltura.csproj", "{3C624C49-F85D-4465-ABF9-DF9A8A1F6C43}"
EndProject
Global
	GlobalSection(SolutionConfigurationPlatforms) = preSolution
		Debug|Any CPU = Debug|Any CPU
		Release|Any CPU = Release|Any CPU
	EndGlobalSection
	GlobalSection(ProjectConfigurationPlatforms) = postSolution
		{3C624C49-F85D-4465-ABF9-DF9A8A1F6C43}.Debug|Any CPU.ActiveCfg = Debug|Any CPU
		{3C624C49-F85D-4465-ABF9-DF9A8A1F6C43}.Debug|Any CPU.Build.0 = Debug|Any CPU
		{3C624C49-F85D-4465-ABF9-DF9A8A1F6C43}.Release|Any CPU.ActiveCfg = Release|Any CPU
		{3C624C49-F85D-4465-ABF9-DF9A8A1F6C43}.Release|Any CPU.Build.0 = Release|Any CPU
	EndGlobalSection
	GlobalSection(SolutionProperties) = preSolution
		HideSolutionNode = FALSE
	EndGlobalSection
	GlobalSection(ExtensibilityGlobals) = postSolution
		SolutionGuid = {779E58E3-6E3C-45FE-B035-9C56D7B9E987}
	EndGlobalSection
EndGlobal
