
Microsoft Visual Studio Solution File, Format Version 12.00
# Visual Studio 15
VisualStudioVersion = 15.0.28307.1022
MinimumVisualStudioVersion = 10.0.40219.1
Project("{FAE04EC0-301F-11D3-BF4B-00C04F79EFBC}") = "EsParImpar", "EsParImpar\EsParImpar.csproj", "{E244C24B-9CA6-4C12-8EE0-152F46B3234B}"
EndProject
Global
	GlobalSection(SolutionConfigurationPlatforms) = preSolution
		Debug|Any CPU = Debug|Any CPU
		Release|Any CPU = Release|Any CPU
	EndGlobalSection
	GlobalSection(ProjectConfigurationPlatforms) = postSolution
		{E244C24B-9CA6-4C12-8EE0-152F46B3234B}.Debug|Any CPU.ActiveCfg = Debug|Any CPU
		{E244C24B-9CA6-4C12-8EE0-152F46B3234B}.Debug|Any CPU.Build.0 = Debug|Any CPU
		{E244C24B-9CA6-4C12-8EE0-152F46B3234B}.Release|Any CPU.ActiveCfg = Release|Any CPU
		{E244C24B-9CA6-4C12-8EE0-152F46B3234B}.Release|Any CPU.Build.0 = Release|Any CPU
	EndGlobalSection
	GlobalSection(SolutionProperties) = preSolution
		HideSolutionNode = FALSE
	EndGlobalSection
	GlobalSection(ExtensibilityGlobals) = postSolution
		SolutionGuid = {729A3AA9-C3C8-40CC-A6E6-EF8A52973B31}
	EndGlobalSection
EndGlobal
