
Microsoft Visual Studio Solution File, Format Version 12.00
# Visual Studio 15
VisualStudioVersion = 15.0.28307.1022
MinimumVisualStudioVersion = 10.0.40219.1
Project("{FAE04EC0-301F-11D3-BF4B-00C04F79EFBC}") = "OperacionesUsuario", "OperacionesUsuario\OperacionesUsuario.csproj", "{B90400E5-CFC5-4E88-B808-336C036E89B7}"
EndProject
Global
	GlobalSection(SolutionConfigurationPlatforms) = preSolution
		Debug|Any CPU = Debug|Any CPU
		Release|Any CPU = Release|Any CPU
	EndGlobalSection
	GlobalSection(ProjectConfigurationPlatforms) = postSolution
		{B90400E5-CFC5-4E88-B808-336C036E89B7}.Debug|Any CPU.ActiveCfg = Debug|Any CPU
		{B90400E5-CFC5-4E88-B808-336C036E89B7}.Debug|Any CPU.Build.0 = Debug|Any CPU
		{B90400E5-CFC5-4E88-B808-336C036E89B7}.Release|Any CPU.ActiveCfg = Release|Any CPU
		{B90400E5-CFC5-4E88-B808-336C036E89B7}.Release|Any CPU.Build.0 = Release|Any CPU
	EndGlobalSection
	GlobalSection(SolutionProperties) = preSolution
		HideSolutionNode = FALSE
	EndGlobalSection
	GlobalSection(ExtensibilityGlobals) = postSolution
		SolutionGuid = {73B8D144-F979-419D-861D-ED4A7C122D71}
	EndGlobalSection
EndGlobal
