
Microsoft Visual Studio Solution File, Format Version 12.00
# Visual Studio 15
VisualStudioVersion = 15.0.28307.1022
MinimumVisualStudioVersion = 10.0.40219.1
Project("{FAE04EC0-301F-11D3-BF4B-00C04F79EFBC}") = "TablaMultiplicarDeterminadaRepetida", "TablaMultiplicarDeterminadaRepetida\TablaMultiplicarDeterminadaRepetida.csproj", "{08B77E19-A22C-4756-ACAD-64008382A799}"
EndProject
Global
	GlobalSection(SolutionConfigurationPlatforms) = preSolution
		Debug|Any CPU = Debug|Any CPU
		Release|Any CPU = Release|Any CPU
	EndGlobalSection
	GlobalSection(ProjectConfigurationPlatforms) = postSolution
		{08B77E19-A22C-4756-ACAD-64008382A799}.Debug|Any CPU.ActiveCfg = Debug|Any CPU
		{08B77E19-A22C-4756-ACAD-64008382A799}.Debug|Any CPU.Build.0 = Debug|Any CPU
		{08B77E19-A22C-4756-ACAD-64008382A799}.Release|Any CPU.ActiveCfg = Release|Any CPU
		{08B77E19-A22C-4756-ACAD-64008382A799}.Release|Any CPU.Build.0 = Release|Any CPU
	EndGlobalSection
	GlobalSection(SolutionProperties) = preSolution
		HideSolutionNode = FALSE
	EndGlobalSection
	GlobalSection(ExtensibilityGlobals) = postSolution
		SolutionGuid = {2E30659A-DDD3-4660-AB8D-9C0F18081AD6}
	EndGlobalSection
EndGlobal
